// !$*UTF8*$!
{
	archiveVersion = 1;
	classes = {
	};
	objectVersion = 46;
	objects = {

/* Begin PBXBuildFile section */
		A825217C1F0BB8720086BFA4 /* AppDelegate.swift in Sources */ = {isa = PBXBuildFile; fileRef = A825217B1F0BB8720086BFA4 /* AppDelegate.swift */; };
		A82521821F0BB8720086BFA4 /* GameScene.swift in Sources */ = {isa = PBXBuildFile; fileRef = A82521811F0BB8720086BFA4 /* GameScene.swift */; };
		A82521841F0BB8720086BFA4 /* GameViewController.swift in Sources */ = {isa = PBXBuildFile; fileRef = A82521831F0BB8720086BFA4 /* GameViewController.swift */; };
		A82521871F0BB8720086BFA4 /* Main.storyboard in Resources */ = {isa = PBXBuildFile; fileRef = A82521851F0BB8720086BFA4 /* Main.storyboard */; };
		A82521971F0BB8730086BFA4 /* Game_FrameworkTests.swift in Sources */ = {isa = PBXBuildFile; fileRef = A82521961F0BB8730086BFA4 /* Game_FrameworkTests.swift */; };
		A82521A51F0BB94A0086BFA4 /* SpriteNode.swift in Sources */ = {isa = PBXBuildFile; fileRef = A82521A11F0BB94A0086BFA4 /* SpriteNode.swift */; };
		A82521A61F0BB94A0086BFA4 /* Ground.swift in Sources */ = {isa = PBXBuildFile; fileRef = A82521A21F0BB94A0086BFA4 /* Ground.swift */; };
		A82521A71F0BB94A0086BFA4 /* ParallaxBackground.swift in Sources */ = {isa = PBXBuildFile; fileRef = A82521A31F0BB94A0086BFA4 /* ParallaxBackground.swift */; };
		A82521A81F0BB94A0086BFA4 /* GameSprite.swift in Sources */ = {isa = PBXBuildFile; fileRef = A82521A41F0BB94A0086BFA4 /* GameSprite.swift */; };
		A82521B81F0BBA020086BFA4 /* Constants.swift in Sources */ = {isa = PBXBuildFile; fileRef = A82521A91F0BBA020086BFA4 /* Constants.swift */; };
		A82521B91F0BBA020086BFA4 /* EntityManager.swift in Sources */ = {isa = PBXBuildFile; fileRef = A82521AA1F0BBA020086BFA4 /* EntityManager.swift */; };
		A82521BA1F0BBA020086BFA4 /* MoveComponent.swift in Sources */ = {isa = PBXBuildFile; fileRef = A82521AB1F0BBA020086BFA4 /* MoveComponent.swift */; };
		A82521BB1F0BBA020086BFA4 /* MyUtils.swift in Sources */ = {isa = PBXBuildFile; fileRef = A82521AC1F0BBA020086BFA4 /* MyUtils.swift */; };
		A82521BC1F0BBA020086BFA4 /* Soldier_Attack1.atlas in Resources */ = {isa = PBXBuildFile; fileRef = A82521AD1F0BBA020086BFA4 /* Soldier_Attack1.atlas */; };
		A82521BD1F0BBA020086BFA4 /* Soldier_Attack2.atlas in Resources */ = {isa = PBXBuildFile; fileRef = A82521AE1F0BBA020086BFA4 /* Soldier_Attack2.atlas */; };
		A82521BE1F0BBA020086BFA4 /* Soldier_Attack3.atlas in Resources */ = {isa = PBXBuildFile; fileRef = A82521AF1F0BBA020086BFA4 /* Soldier_Attack3.atlas */; };
		A82521BF1F0BBA020086BFA4 /* Soldier_Attack4.atlas in Resources */ = {isa = PBXBuildFile; fileRef = A82521B01F0BBA020086BFA4 /* Soldier_Attack4.atlas */; };
		A82521C01F0BBA020086BFA4 /* Soldier_Hurt.atlas in Resources */ = {isa = PBXBuildFile; fileRef = A82521B11F0BBA020086BFA4 /* Soldier_Hurt.atlas */; };
		A82521C11F0BBA020086BFA4 /* Soldier_Idle.atlas in Resources */ = {isa = PBXBuildFile; fileRef = A82521B21F0BBA020086BFA4 /* Soldier_Idle.atlas */; };
		A82521C21F0BBA020086BFA4 /* Soldier_Jump.atlas in Resources */ = {isa = PBXBuildFile; fileRef = A82521B31F0BBA020086BFA4 /* Soldier_Jump.atlas */; };
		A82521C31F0BBA020086BFA4 /* Soldier_Run.atlas in Resources */ = {isa = PBXBuildFile; fileRef = A82521B41F0BBA020086BFA4 /* Soldier_Run.atlas */; };
		A82521C41F0BBA020086BFA4 /* Soldier_Walk.atlas in Resources */ = {isa = PBXBuildFile; fileRef = A82521B51F0BBA020086BFA4 /* Soldier_Walk.atlas */; };
		A82521C51F0BBA020086BFA4 /* Soldier.swift in Sources */ = {isa = PBXBuildFile; fileRef = A82521B61F0BBA020086BFA4 /* Soldier.swift */; };
		A82521C61F0BBA020086BFA4 /* SpriteComponent.swift in Sources */ = {isa = PBXBuildFile; fileRef = A82521B71F0BBA020086BFA4 /* SpriteComponent.swift */; };
		A82521CD1F0BBE4A0086BFA4 /* Assets.xcassets in Resources */ = {isa = PBXBuildFile; fileRef = A82521CC1F0BBE4A0086BFA4 /* Assets.xcassets */; };
		A84308311F0BCABE006564F7 /* LICENSE in Resources */ = {isa = PBXBuildFile; fileRef = A843082F1F0BCABE006564F7 /* LICENSE */; };
		A84308321F0BCABE006564F7 /* README.md in Sources */ = {isa = PBXBuildFile; fileRef = A84308301F0BCABE006564F7 /* README.md */; };
/* End PBXBuildFile section */

/* Begin PBXContainerItemProxy section */
		A82521931F0BB8730086BFA4 /* PBXContainerItemProxy */ = {
			isa = PBXContainerItemProxy;
			containerPortal = A82521701F0BB8720086BFA4 /* Project object */;
			proxyType = 1;
			remoteGlobalIDString = A82521771F0BB8720086BFA4;
			remoteInfo = "Game-Framework";
		};
/* End PBXContainerItemProxy section */

/* Begin PBXFileReference section */
		A82521781F0BB8720086BFA4 /* Game-Framework.app */ = {isa = PBXFileReference; explicitFileType = wrapper.application; includeInIndex = 0; path = "Game-Framework.app"; sourceTree = BUILT_PRODUCTS_DIR; };
		A825217B1F0BB8720086BFA4 /* AppDelegate.swift */ = {isa = PBXFileReference; lastKnownFileType = sourcecode.swift; path = AppDelegate.swift; sourceTree = "<group>"; };
		A82521811F0BB8720086BFA4 /* GameScene.swift */ = {isa = PBXFileReference; lastKnownFileType = sourcecode.swift; path = GameScene.swift; sourceTree = "<group>"; };
		A82521831F0BB8720086BFA4 /* GameViewController.swift */ = {isa = PBXFileReference; lastKnownFileType = sourcecode.swift; path = GameViewController.swift; sourceTree = "<group>"; };
		A82521861F0BB8720086BFA4 /* Base */ = {isa = PBXFileReference; lastKnownFileType = file.storyboard; name = Base; path = Base.lproj/Main.storyboard; sourceTree = "<group>"; };
		A825218D1F0BB8720086BFA4 /* Info.plist */ = {isa = PBXFileReference; lastKnownFileType = text.plist.xml; path = Info.plist; sourceTree = "<group>"; };
		A82521921F0BB8730086BFA4 /* Game-FrameworkTests.xctest */ = {isa = PBXFileReference; explicitFileType = wrapper.cfbundle; includeInIndex = 0; path = "Game-FrameworkTests.xctest"; sourceTree = BUILT_PRODUCTS_DIR; };
		A82521961F0BB8730086BFA4 /* Game_FrameworkTests.swift */ = {isa = PBXFileReference; lastKnownFileType = sourcecode.swift; path = Game_FrameworkTests.swift; sourceTree = "<group>"; };
		A82521981F0BB8730086BFA4 /* Info.plist */ = {isa = PBXFileReference; lastKnownFileType = text.plist.xml; path = Info.plist; sourceTree = "<group>"; };
		A82521A11F0BB94A0086BFA4 /* SpriteNode.swift */ = {isa = PBXFileReference; fileEncoding = 4; lastKnownFileType = sourcecode.swift; path = SpriteNode.swift; sourceTree = "<group>"; };
		A82521A21F0BB94A0086BFA4 /* Ground.swift */ = {isa = PBXFileReference; fileEncoding = 4; lastKnownFileType = sourcecode.swift; path = Ground.swift; sourceTree = "<group>"; };
		A82521A31F0BB94A0086BFA4 /* ParallaxBackground.swift */ = {isa = PBXFileReference; fileEncoding = 4; lastKnownFileType = sourcecode.swift; path = ParallaxBackground.swift; sourceTree = "<group>"; };
		A82521A41F0BB94A0086BFA4 /* GameSprite.swift */ = {isa = PBXFileReference; fileEncoding = 4; lastKnownFileType = sourcecode.swift; path = GameSprite.swift; sourceTree = "<group>"; };
		A82521A91F0BBA020086BFA4 /* Constants.swift */ = {isa = PBXFileReference; fileEncoding = 4; lastKnownFileType = sourcecode.swift; path = Constants.swift; sourceTree = "<group>"; };
		A82521AA1F0BBA020086BFA4 /* EntityManager.swift */ = {isa = PBXFileReference; fileEncoding = 4; lastKnownFileType = sourcecode.swift; path = EntityManager.swift; sourceTree = "<group>"; };
		A82521AB1F0BBA020086BFA4 /* MoveComponent.swift */ = {isa = PBXFileReference; fileEncoding = 4; lastKnownFileType = sourcecode.swift; path = MoveComponent.swift; sourceTree = "<group>"; };
		A82521AC1F0BBA020086BFA4 /* MyUtils.swift */ = {isa = PBXFileReference; fileEncoding = 4; lastKnownFileType = sourcecode.swift; path = MyUtils.swift; sourceTree = "<group>"; };
		A82521AD1F0BBA020086BFA4 /* Soldier_Attack1.atlas */ = {isa = PBXFileReference; lastKnownFileType = folder.skatlas; path = Soldier_Attack1.atlas; sourceTree = "<group>"; };
		A82521AE1F0BBA020086BFA4 /* Soldier_Attack2.atlas */ = {isa = PBXFileReference; lastKnownFileType = folder.skatlas; path = Soldier_Attack2.atlas; sourceTree = "<group>"; };
		A82521AF1F0BBA020086BFA4 /* Soldier_Attack3.atlas */ = {isa = PBXFileReference; lastKnownFileType = folder.skatlas; path = Soldier_Attack3.atlas; sourceTree = "<group>"; };
		A82521B01F0BBA020086BFA4 /* Soldier_Attack4.atlas */ = {isa = PBXFileReference; lastKnownFileType = folder.skatlas; path = Soldier_Attack4.atlas; sourceTree = "<group>"; };
		A82521B11F0BBA020086BFA4 /* Soldier_Hurt.atlas */ = {isa = PBXFileReference; lastKnownFileType = folder.skatlas; path = Soldier_Hurt.atlas; sourceTree = "<group>"; };
		A82521B21F0BBA020086BFA4 /* Soldier_Idle.atlas */ = {isa = PBXFileReference; lastKnownFileType = folder.skatlas; path = Soldier_Idle.atlas; sourceTree = "<group>"; };
		A82521B31F0BBA020086BFA4 /* Soldier_Jump.atlas */ = {isa = PBXFileReference; lastKnownFileType = folder.skatlas; path = Soldier_Jump.atlas; sourceTree = "<group>"; };
		A82521B41F0BBA020086BFA4 /* Soldier_Run.atlas */ = {isa = PBXFileReference; lastKnownFileType = folder.skatlas; path = Soldier_Run.atlas; sourceTree = "<group>"; };
		A82521B51F0BBA020086BFA4 /* Soldier_Walk.atlas */ = {isa = PBXFileReference; lastKnownFileType = folder.skatlas; path = Soldier_Walk.atlas; sourceTree = "<group>"; };
		A82521B61F0BBA020086BFA4 /* Soldier.swift */ = {isa = PBXFileReference; fileEncoding = 4; lastKnownFileType = sourcecode.swift; path = Soldier.swift; sourceTree = "<group>"; };
		A82521B71F0BBA020086BFA4 /* SpriteComponent.swift */ = {isa = PBXFileReference; fileEncoding = 4; lastKnownFileType = sourcecode.swift; path = SpriteComponent.swift; sourceTree = "<group>"; };
		A82521CC1F0BBE4A0086BFA4 /* Assets.xcassets */ = {isa = PBXFileReference; lastKnownFileType = folder.assetcatalog; path = Assets.xcassets; sourceTree = "<group>"; };
		A843082F1F0BCABE006564F7 /* LICENSE */ = {isa = PBXFileReference; fileEncoding = 4; lastKnownFileType = text; path = LICENSE; sourceTree = "<group>"; };
		A84308301F0BCABE006564F7 /* README.md */ = {isa = PBXFileReference; fileEncoding = 4; lastKnownFileType = net.daringfireball.markdown; path = README.md; sourceTree = "<group>"; };
/* End PBXFileReference section */

/* Begin PBXFrameworksBuildPhase section */
		A82521751F0BB8720086BFA4 /* Frameworks */ = {
			isa = PBXFrameworksBuildPhase;
			buildActionMask = 2147483647;
			files = (
			);
			runOnlyForDeploymentPostprocessing = 0;
		};
		A825218F1F0BB8730086BFA4 /* Frameworks */ = {
			isa = PBXFrameworksBuildPhase;
			buildActionMask = 2147483647;
			files = (
			);
			runOnlyForDeploymentPostprocessing = 0;
		};
/* End PBXFrameworksBuildPhase section */

/* Begin PBXGroup section */
		A825216F1F0BB8720086BFA4 = {
			isa = PBXGroup;
			children = (
				A843082F1F0BCABE006564F7 /* LICENSE */,
				A84308301F0BCABE006564F7 /* README.md */,
				A825217A1F0BB8720086BFA4 /* Game-Framework */,
				A82521951F0BB8730086BFA4 /* Game-FrameworkTests */,
				A82521791F0BB8720086BFA4 /* Products */,
			);
			sourceTree = "<group>";
		};
		A82521791F0BB8720086BFA4 /* Products */ = {
			isa = PBXGroup;
			children = (
				A82521781F0BB8720086BFA4 /* Game-Framework.app */,
				A82521921F0BB8730086BFA4 /* Game-FrameworkTests.xctest */,
			);
			name = Products;
			sourceTree = "<group>";
		};
		A825217A1F0BB8720086BFA4 /* Game-Framework */ = {
			isa = PBXGroup;
			children = (
				A82521C91F0BBAA40086BFA4 /* Entities */,
				A82521CA1F0BBAAD0086BFA4 /* Components */,
				A82521C81F0BBA9A0086BFA4 /* Helpers */,
				A82521CB1F0BBAC30086BFA4 /* Scene Sprites */,
				A82521C71F0BBA160086BFA4 /* Sprite Atlases */,
				A825217B1F0BB8720086BFA4 /* AppDelegate.swift */,
				A82521811F0BB8720086BFA4 /* GameScene.swift */,
				A82521831F0BB8720086BFA4 /* GameViewController.swift */,
				A825218D1F0BB8720086BFA4 /* Info.plist */,
				A82521851F0BB8720086BFA4 /* Main.storyboard */,
				A82521CC1F0BBE4A0086BFA4 /* Assets.xcassets */,
			);
			path = "Game-Framework";
			sourceTree = "<group>";
		};
		A82521951F0BB8730086BFA4 /* Game-FrameworkTests */ = {
			isa = PBXGroup;
			children = (
				A82521961F0BB8730086BFA4 /* Game_FrameworkTests.swift */,
				A82521981F0BB8730086BFA4 /* Info.plist */,
			);
			path = "Game-FrameworkTests";
			sourceTree = "<group>";
		};
		A82521C71F0BBA160086BFA4 /* Sprite Atlases */ = {
			isa = PBXGroup;
			children = (
				A82521AD1F0BBA020086BFA4 /* Soldier_Attack1.atlas */,
				A82521AE1F0BBA020086BFA4 /* Soldier_Attack2.atlas */,
				A82521AF1F0BBA020086BFA4 /* Soldier_Attack3.atlas */,
				A82521B01F0BBA020086BFA4 /* Soldier_Attack4.atlas */,
				A82521B11F0BBA020086BFA4 /* Soldier_Hurt.atlas */,
				A82521B21F0BBA020086BFA4 /* Soldier_Idle.atlas */,
				A82521B31F0BBA020086BFA4 /* Soldier_Jump.atlas */,
				A82521B41F0BBA020086BFA4 /* Soldier_Run.atlas */,
				A82521B51F0BBA020086BFA4 /* Soldier_Walk.atlas */,
			);
			name = "Sprite Atlases";
			sourceTree = "<group>";
		};
		A82521C81F0BBA9A0086BFA4 /* Helpers */ = {
			isa = PBXGroup;
			children = (
				A82521A91F0BBA020086BFA4 /* Constants.swift */,
				A82521AC1F0BBA020086BFA4 /* MyUtils.swift */,
				A82521A11F0BB94A0086BFA4 /* SpriteNode.swift */,
				A82521A41F0BB94A0086BFA4 /* GameSprite.swift */,
			);
			name = Helpers;
			sourceTree = "<group>";
		};
		A82521C91F0BBAA40086BFA4 /* Entities */ = {
			isa = PBXGroup;
			children = (
				A82521AA1F0BBA020086BFA4 /* EntityManager.swift */,
				A82521B61F0BBA020086BFA4 /* Soldier.swift */,
			);
			name = Entities;
			sourceTree = "<group>";
		};
		A82521CA1F0BBAAD0086BFA4 /* Components */ = {
			isa = PBXGroup;
			children = (
				A82521AB1F0BBA020086BFA4 /* MoveComponent.swift */,
				A82521B71F0BBA020086BFA4 /* SpriteComponent.swift */,
			);
			name = Components;
			sourceTree = "<group>";
		};
		A82521CB1F0BBAC30086BFA4 /* Scene Sprites */ = {
			isa = PBXGroup;
			children = (
				A82521A21F0BB94A0086BFA4 /* Ground.swift */,
				A82521A31F0BB94A0086BFA4 /* ParallaxBackground.swift */,
			);
			name = "Scene Sprites";
			sourceTree = "<group>";
		};
/* End PBXGroup section */

/* Begin PBXNativeTarget section */
		A82521771F0BB8720086BFA4 /* Game-Framework */ = {
			isa = PBXNativeTarget;
			buildConfigurationList = A825219B1F0BB8730086BFA4 /* Build configuration list for PBXNativeTarget "Game-Framework" */;
			buildPhases = (
				A82521741F0BB8720086BFA4 /* Sources */,
				A82521751F0BB8720086BFA4 /* Frameworks */,
				A82521761F0BB8720086BFA4 /* Resources */,
			);
			buildRules = (
			);
			dependencies = (
			);
			name = "Game-Framework";
			productName = "Game-Framework";
			productReference = A82521781F0BB8720086BFA4 /* Game-Framework.app */;
			productType = "com.apple.product-type.application";
		};
		A82521911F0BB8730086BFA4 /* Game-FrameworkTests */ = {
			isa = PBXNativeTarget;
			buildConfigurationList = A825219E1F0BB8730086BFA4 /* Build configuration list for PBXNativeTarget "Game-FrameworkTests" */;
			buildPhases = (
				A825218E1F0BB8730086BFA4 /* Sources */,
				A825218F1F0BB8730086BFA4 /* Frameworks */,
				A82521901F0BB8730086BFA4 /* Resources */,
			);
			buildRules = (
			);
			dependencies = (
				A82521941F0BB8730086BFA4 /* PBXTargetDependency */,
			);
			name = "Game-FrameworkTests";
			productName = "Game-FrameworkTests";
			productReference = A82521921F0BB8730086BFA4 /* Game-FrameworkTests.xctest */;
			productType = "com.apple.product-type.bundle.unit-test";
		};
/* End PBXNativeTarget section */

/* Begin PBXProject section */
		A82521701F0BB8720086BFA4 /* Project object */ = {
			isa = PBXProject;
			attributes = {
				LastSwiftUpdateCheck = 0820;
				LastUpgradeCheck = 0820;
				ORGANIZATIONNAME = cadet;
				TargetAttributes = {
					A82521771F0BB8720086BFA4 = {
						CreatedOnToolsVersion = 8.2.1;
						ProvisioningStyle = Automatic;
					};
					A82521911F0BB8730086BFA4 = {
						CreatedOnToolsVersion = 8.2.1;
						ProvisioningStyle = Automatic;
						TestTargetID = A82521771F0BB8720086BFA4;
					};
				};
			};
			buildConfigurationList = A82521731F0BB8720086BFA4 /* Build configuration list for PBXProject "Game-Framework" */;
			compatibilityVersion = "Xcode 3.2";
			developmentRegion = English;
			hasScannedForEncodings = 0;
			knownRegions = (
				en,
				Base,
			);
			mainGroup = A825216F1F0BB8720086BFA4;
			productRefGroup = A82521791F0BB8720086BFA4 /* Products */;
			projectDirPath = "";
			projectRoot = "";
			targets = (
				A82521771F0BB8720086BFA4 /* Game-Framework */,
				A82521911F0BB8730086BFA4 /* Game-FrameworkTests */,
			);
		};
/* End PBXProject section */

/* Begin PBXResourcesBuildPhase section */
		A82521761F0BB8720086BFA4 /* Resources */ = {
			isa = PBXResourcesBuildPhase;
			buildActionMask = 2147483647;
			files = (
				A82521871F0BB8720086BFA4 /* Main.storyboard in Resources */,
				A82521BD1F0BBA020086BFA4 /* Soldier_Attack2.atlas in Resources */,
				A82521C21F0BBA020086BFA4 /* Soldier_Jump.atlas in Resources */,
				A82521BE1F0BBA020086BFA4 /* Soldier_Attack3.atlas in Resources */,
				A82521CD1F0BBE4A0086BFA4 /* Assets.xcassets in Resources */,
				A82521BF1F0BBA020086BFA4 /* Soldier_Attack4.atlas in Resources */,
				A84308311F0BCABE006564F7 /* LICENSE in Resources */,
				A82521C11F0BBA020086BFA4 /* Soldier_Idle.atlas in Resources */,
				A82521C01F0BBA020086BFA4 /* Soldier_Hurt.atlas in Resources */,
				A82521C31F0BBA020086BFA4 /* Soldier_Run.atlas in Resources */,
				A82521C41F0BBA020086BFA4 /* Soldier_Walk.atlas in Resources */,
				A82521BC1F0BBA020086BFA4 /* Soldier_Attack1.atlas in Resources */,
			);
			runOnlyForDeploymentPostprocessing = 0;
		};
		A82521901F0BB8730086BFA4 /* Resources */ = {
			isa = PBXResourcesBuildPhase;
			buildActionMask = 2147483647;
			files = (
			);
			runOnlyForDeploymentPostprocessing = 0;
		};
/* End PBXResourcesBuildPhase section */

/* Begin PBXSourcesBuildPhase section */
		A82521741F0BB8720086BFA4 /* Sources */ = {
			isa = PBXSourcesBuildPhase;
			buildActionMask = 2147483647;
			files = (
				A82521C61F0BBA020086BFA4 /* SpriteComponent.swift in Sources */,
				A82521A51F0BB94A0086BFA4 /* SpriteNode.swift in Sources */,
				A82521BB1F0BBA020086BFA4 /* MyUtils.swift in Sources */,
				A82521821F0BB8720086BFA4 /* GameScene.swift in Sources */,
				A82521B91F0BBA020086BFA4 /* EntityManager.swift in Sources */,
				A82521841F0BB8720086BFA4 /* GameViewController.swift in Sources */,
				A82521A81F0BB94A0086BFA4 /* GameSprite.swift in Sources */,
				A825217C1F0BB8720086BFA4 /* AppDelegate.swift in Sources */,
				A82521BA1F0BBA020086BFA4 /* MoveComponent.swift in Sources */,
				A82521A71F0BB94A0086BFA4 /* ParallaxBackground.swift in Sources */,
				A84308321F0BCABE006564F7 /* README.md in Sources */,
				A82521A61F0BB94A0086BFA4 /* Ground.swift in Sources */,
				A82521C51F0BBA020086BFA4 /* Soldier.swift in Sources */,
				A82521B81F0BBA020086BFA4 /* Constants.swift in Sources */,
			);
			runOnlyForDeploymentPostprocessing = 0;
		};
		A825218E1F0BB8730086BFA4 /* Sources */ = {
			isa = PBXSourcesBuildPhase;
			buildActionMask = 2147483647;
			files = (
				A82521971F0BB8730086BFA4 /* Game_FrameworkTests.swift in Sources */,
			);
			runOnlyForDeploymentPostprocessing = 0;
		};
/* End PBXSourcesBuildPhase section */

/* Begin PBXTargetDependency section */
		A82521941F0BB8730086BFA4 /* PBXTargetDependency */ = {
			isa = PBXTargetDependency;
			target = A82521771F0BB8720086BFA4 /* Game-Framework */;
			targetProxy = A82521931F0BB8730086BFA4 /* PBXContainerItemProxy */;
		};
/* End PBXTargetDependency section */

/* Begin PBXVariantGroup section */
		A82521851F0BB8720086BFA4 /* Main.storyboard */ = {
			isa = PBXVariantGroup;
			children = (
				A82521861F0BB8720086BFA4 /* Base */,
			);
			name = Main.storyboard;
			sourceTree = "<group>";
		};
/* End PBXVariantGroup section */

/* Begin XCBuildConfiguration section */
		A82521991F0BB8730086BFA4 /* Debug */ = {
			isa = XCBuildConfiguration;
			buildSettings = {
				ALWAYS_SEARCH_USER_PATHS = NO;
				CLANG_ANALYZER_NONNULL = YES;
				CLANG_CXX_LANGUAGE_STANDARD = "gnu++0x";
				CLANG_CXX_LIBRARY = "libc++";
				CLANG_ENABLE_MODULES = YES;
				CLANG_ENABLE_OBJC_ARC = YES;
				CLANG_WARN_BOOL_CONVERSION = YES;
				CLANG_WARN_CONSTANT_CONVERSION = YES;
				CLANG_WARN_DIRECT_OBJC_ISA_USAGE = YES_ERROR;
				CLANG_WARN_DOCUMENTATION_COMMENTS = YES;
				CLANG_WARN_EMPTY_BODY = YES;
				CLANG_WARN_ENUM_CONVERSION = YES;
				CLANG_WARN_INFINITE_RECURSION = YES;
				CLANG_WARN_INT_CONVERSION = YES;
				CLANG_WARN_OBJC_ROOT_CLASS = YES_ERROR;
				CLANG_WARN_SUSPICIOUS_MOVE = YES;
				CLANG_WARN_UNREACHABLE_CODE = YES;
				CLANG_WARN__DUPLICATE_METHOD_MATCH = YES;
				"CODE_SIGN_IDENTITY[sdk=iphoneos*]" = "iPhone Developer";
				COPY_PHASE_STRIP = NO;
				DEBUG_INFORMATION_FORMAT = dwarf;
				ENABLE_STRICT_OBJC_MSGSEND = YES;
				ENABLE_TESTABILITY = YES;
				GCC_C_LANGUAGE_STANDARD = gnu99;
				GCC_DYNAMIC_NO_PIC = NO;
				GCC_NO_COMMON_BLOCKS = YES;
				GCC_OPTIMIZATION_LEVEL = 0;
				GCC_PREPROCESSOR_DEFINITIONS = (
					"DEBUG=1",
					"$(inherited)",
				);
				GCC_WARN_64_TO_32_BIT_CONVERSION = YES;
				GCC_WARN_ABOUT_RETURN_TYPE = YES_ERROR;
				GCC_WARN_UNDECLARED_SELECTOR = YES;
				GCC_WARN_UNINITIALIZED_AUTOS = YES_AGGRESSIVE;
				GCC_WARN_UNUSED_FUNCTION = YES;
				GCC_WARN_UNUSED_VARIABLE = YES;
				IPHONEOS_DEPLOYMENT_TARGET = 10.2;
				MTL_ENABLE_DEBUG_INFO = YES;
				ONLY_ACTIVE_ARCH = YES;
				SDKROOT = iphoneos;
				SWIFT_ACTIVE_COMPILATION_CONDITIONS = DEBUG;
				SWIFT_OPTIMIZATION_LEVEL = "-Onone";
				TARGETED_DEVICE_FAMILY = "1,2";
			};
			name = Debug;
		};
		A825219A1F0BB8730086BFA4 /* Release */ = {
			isa = XCBuildConfiguration;
			buildSettings = {
				ALWAYS_SEARCH_USER_PATHS = NO;
				CLANG_ANALYZER_NONNULL = YES;
				CLANG_CXX_LANGUAGE_STANDARD = "gnu++0x";
				CLANG_CXX_LIBRARY = "libc++";
				CLANG_ENABLE_MODULES = YES;
				CLANG_ENABLE_OBJC_ARC = YES;
				CLANG_WARN_BOOL_CONVERSION = YES;
				CLANG_WARN_CONSTANT_CONVERSION = YES;
				CLANG_WARN_DIRECT_OBJC_ISA_USAGE = YES_ERROR;
				CLANG_WARN_DOCUMENTATION_COMMENTS = YES;
				CLANG_WARN_EMPTY_BODY = YES;
				CLANG_WARN_ENUM_CONVERSION = YES;
				CLANG_WARN_INFINITE_RECURSION = YES;
				CLANG_WARN_INT_CONVERSION = YES;
				CLANG_WARN_OBJC_ROOT_CLASS = YES_ERROR;
				CLANG_WARN_SUSPICIOUS_MOVE = YES;
				CLANG_WARN_UNREACHABLE_CODE = YES;
				CLANG_WARN__DUPLICATE_METHOD_MATCH = YES;
				"CODE_SIGN_IDENTITY[sdk=iphoneos*]" = "iPhone Developer";
				COPY_PHASE_STRIP = NO;
				DEBUG_INFORMATION_FORMAT = "dwarf-with-dsym";
				ENABLE_NS_ASSERTIONS = NO;
				ENABLE_STRICT_OBJC_MSGSEND = YES;
				GCC_C_LANGUAGE_STANDARD = gnu99;
				GCC_NO_COMMON_BLOCKS = YES;
				GCC_WARN_64_TO_32_BIT_CONVERSION = YES;
				GCC_WARN_ABOUT_RETURN_TYPE = YES_ERROR;
				GCC_WARN_UNDECLARED_SELECTOR = YES;
				GCC_WARN_UNINITIALIZED_AUTOS = YES_AGGRESSIVE;
				GCC_WARN_UNUSED_FUNCTION = YES;
				GCC_WARN_UNUSED_VARIABLE = YES;
				IPHONEOS_DEPLOYMENT_TARGET = 10.2;
				MTL_ENABLE_DEBUG_INFO = NO;
				SDKROOT = iphoneos;
				SWIFT_OPTIMIZATION_LEVEL = "-Owholemodule";
				TARGETED_DEVICE_FAMILY = "1,2";
				VALIDATE_PRODUCT = YES;
			};
			name = Release;
		};
		A825219C1F0BB8730086BFA4 /* Debug */ = {
			isa = XCBuildConfiguration;
			buildSettings = {
				ASSETCATALOG_COMPILER_APPICON_NAME = AppIcon;
				ASSETCATALOG_COMPILER_LAUNCHIMAGE_NAME = LaunchImage;
				CURRENT_PROJECT_VERSION = 1.0;
				INFOPLIST_FILE = "Game-Framework/Info.plist";
				IPHONEOS_DEPLOYMENT_TARGET = 10.2;
				LD_RUNPATH_SEARCH_PATHS = "$(inherited) @executable_path/Frameworks";
				PRODUCT_BUNDLE_IDENTIFIER = "funkytomato.Game-Framework";
				PRODUCT_NAME = "$(TARGET_NAME)";
				SWIFT_VERSION = 3.0;
				"Texture Atlas Maximum Size" = 4096x4096;
			};
			name = Debug;
		};
		A825219D1F0BB8730086BFA4 /* Release */ = {
			isa = XCBuildConfiguration;
			buildSettings = {
				ASSETCATALOG_COMPILER_APPICON_NAME = AppIcon;
				ASSETCATALOG_COMPILER_LAUNCHIMAGE_NAME = LaunchImage;
				CURRENT_PROJECT_VERSION = 1.0;
				INFOPLIST_FILE = "Game-Framework/Info.plist";
				IPHONEOS_DEPLOYMENT_TARGET = 10.2;
				LD_RUNPATH_SEARCH_PATHS = "$(inherited) @executable_path/Frameworks";
				PRODUCT_BUNDLE_IDENTIFIER = "funkytomato.Game-Framework";
				PRODUCT_NAME = "$(TARGET_NAME)";
				SWIFT_VERSION = 3.0;
				"Texture Atlas Maximum Size" = 4096x4096;
			};
			name = Release;
		};
		A825219F1F0BB8730086BFA4 /* Debug */ = {
			isa = XCBuildConfiguration;
			buildSettings = {
				ALWAYS_EMBED_SWIFT_STANDARD_LIBRARIES = YES;
				BUNDLE_LOADER = "$(TEST_HOST)";
				INFOPLIST_FILE = "Game-FrameworkTests/Info.plist";
				LD_RUNPATH_SEARCH_PATHS = "$(inherited) @executable_path/Frameworks @loader_path/Frameworks";
				PRODUCT_BUNDLE_IDENTIFIER = "funkytomato.Game-FrameworkTests";
				PRODUCT_NAME = "$(TARGET_NAME)";
				SWIFT_VERSION = 3.0;
				TEST_HOST = "$(BUILT_PRODUCTS_DIR)/Game-Framework.app/Game-Framework";
			};
			name = Debug;
		};
		A82521A01F0BB8730086BFA4 /* Release */ = {
			isa = XCBuildConfiguration;
			buildSettings = {
				ALWAYS_EMBED_SWIFT_STANDARD_LIBRARIES = YES;
				BUNDLE_LOADER = "$(TEST_HOST)";
				INFOPLIST_FILE = "Game-FrameworkTests/Info.plist";
				LD_RUNPATH_SEARCH_PATHS = "$(inherited) @executable_path/Frameworks @loader_path/Frameworks";
				PRODUCT_BUNDLE_IDENTIFIER = "funkytomato.Game-FrameworkTests";
				PRODUCT_NAME = "$(TARGET_NAME)";
				SWIFT_VERSION = 3.0;
				TEST_HOST = "$(BUILT_PRODUCTS_DIR)/Game-Framework.app/Game-Framework";
			};
			name = Release;
		};
/* End XCBuildConfiguration section */

/* Begin XCConfigurationList section */
		A82521731F0BB8720086BFA4 /* Build configuration list for PBXProject "Game-Framework" */ = {
			isa = XCConfigurationList;
			buildConfigurations = (
				A82521991F0BB8730086BFA4 /* Debug */,
				A825219A1F0BB8730086BFA4 /* Release */,
			);
			defaultConfigurationIsVisible = 0;
			defaultConfigurationName = Release;
		};
		A825219B1F0BB8730086BFA4 /* Build configuration list for PBXNativeTarget "Game-Framework" */ = {
			isa = XCConfigurationList;
			buildConfigurations = (
				A825219C1F0BB8730086BFA4 /* Debug */,
				A825219D1F0BB8730086BFA4 /* Release */,
			);
			defaultConfigurationIsVisible = 0;
			defaultConfigurationName = Release;
		};
		A825219E1F0BB8730086BFA4 /* Build configuration list for PBXNativeTarget "Game-FrameworkTests" */ = {
			isa = XCConfigurationList;
			buildConfigurations = (
				A825219F1F0BB8730086BFA4 /* Debug */,
				A82521A01F0BB8730086BFA4 /* Release */,
			);
			defaultConfigurationIsVisible = 0;
			defaultConfigurationName = Release;
		};
/* End XCConfigurationList section */
	};
	rootObject = A82521701F0BB8720086BFA4 /* Project object */;
}
